
Microsoft Visual Studio Solution File, Format Version 12.00
# Visual Studio Version 16
VisualStudioVersion = 16.0.29409.12
MinimumVisualStudioVersion = 10.0.40219.1
Project("{FAE04EC0-301F-11D3-BF4B-00C04F79EFBC}") = "MapEditor", "MapEditor\MapEditor.csproj", "{B9D31AFF-04C0-4393-8224-0E940820E5E7}"
EndProject
Global
	GlobalSection(SolutionConfigurationPlatforms) = preSolution
		Debug|Any CPU = Debug|Any CPU
		Release|Any CPU = Release|Any CPU
	EndGlobalSection
	GlobalSection(ProjectConfigurationPlatforms) = postSolution
		{B9D31AFF-04C0-4393-8224-0E940820E5E7}.Debug|Any CPU.ActiveCfg = Debug|Any CPU
		{B9D31AFF-04C0-4393-8224-0E940820E5E7}.Debug|Any CPU.Build.0 = Debug|Any CPU
		{B9D31AFF-04C0-4393-8224-0E940820E5E7}.Release|Any CPU.ActiveCfg = Release|Any CPU
		{B9D31AFF-04C0-4393-8224-0E940820E5E7}.Release|Any CPU.Build.0 = Release|Any CPU
	EndGlobalSection
	GlobalSection(SolutionProperties) = preSolution
		HideSolutionNode = FALSE
	EndGlobalSection
	GlobalSection(ExtensibilityGlobals) = postSolution
		SolutionGuid = {4D75846D-FCBE-471B-984A-87FE7FA33814}
	EndGlobalSection
EndGlobal
